<?xml version="1.0" encoding="utf-8"?>
<Project ToolsVersion="4.0" xmlns="http://schemas.microsoft.com/developer/msbuild/2003">
  <ItemGroup>
    <Filter Include="Libs">
      <UniqueIdentifier>{0F88887C-FBBE-890D-A4AB-6F1090C1050F}</UniqueIdentifier>
    </Filter>
    <Filter Include="Libs\Core">
      <UniqueIdentifier>{C70D94F5-3378-486C-7CB6-F911E85F26C1}</UniqueIdentifier>
    </Filter>
    <Filter Include="Libs\Core\Tests">
      <UniqueIdentifier>{C9E1FAD3-356D-6898-3E7E-EB8CAA88C498}</UniqueIdentifier>
    </Filter>
    <Filter Include="Libs\Core\Tests\FileSystem">
      <UniqueIdentifier>{3D74BEAA-2984-6A7B-923D-CF997E6C5914}</UniqueIdentifier>
    </Filter>
    <Filter Include="Libs\Core\Tests\Memory">
      <UniqueIdentifier>{119D738F-FD96-9CE1-E603-33F2D29C024E}</UniqueIdentifier>
    </Filter>
    <Filter Include="Libs\Core\Tests\String">
      <UniqueIdentifier>{2FA4849E-1B9E-ADF0-040B-4401F0A3135D}</UniqueIdentifier>
    </Filter>
    <Filter Include="Libs\Core\Tests\Task">
      <UniqueIdentifier>{CBA24E11-B731-D8DA-6050-ECD54CBEE880}</UniqueIdentifier>
    </Filter>
    <Filter Include="Libs\Core\Tests\Task\TaskTestHelpers">
      <UniqueIdentifier>{208337F9-0C6A-F9F0-B5BA-5F0EA1807257}</UniqueIdentifier>
    </Filter>
    <Filter Include="Libs\Test">
      <UniqueIdentifier>{DE359DF5-4AA0-516C-93DE-0212FF872FC1}</UniqueIdentifier>
    </Filter>
    <Filter Include="Libs\Test\Tests">
      <UniqueIdentifier>{207FBDFA-8C0A-2BBF-951B-AEB3012687BF}</UniqueIdentifier>
    </Filter>
    <Filter Include="TestProject">
      <UniqueIdentifier>{9C4BEFC7-0801-68BD-91F5-6194FDA95EC1}</UniqueIdentifier>
    </Filter>
    <Filter Include="TestProject\Source">
      <UniqueIdentifier>{1CB232D2-0896-F327-71F6-ED7A5DF9DDA9}</UniqueIdentifier>
    </Filter>
  </ItemGroup>
  <ItemGroup>
    <ClInclude Include="..\Libs\Core\Tests\Task\TaskTestHelpers\MockSplitter.h">
      <Filter>Libs\Core\Tests\Task\TaskTestHelpers</Filter>
    </ClInclude>
    <ClInclude Include="..\Libs\Core\Tests\Task\TaskTestHelpers\MockTaskSystem.h">
      <Filter>Libs\Core\Tests\Task\TaskTestHelpers</Filter>
    </ClInclude>
    <ClInclude Include="..\Libs\Core\Tests\Task\TaskTestHelpers\RecordReplaySplitter.h">
      <Filter>Libs\Core\Tests\Task\TaskTestHelpers</Filter>
    </ClInclude>
    <ClInclude Include="..\Libs\Core\Tests\Task\TaskTestHelpers\RecordTaskSystem.h">
      <Filter>Libs\Core\Tests\Task\TaskTestHelpers</Filter>
    </ClInclude>
    <ClInclude Include="..\Libs\Core\Tests\Task\TaskTestHelpers\ReplaySplitter.h">
      <Filter>Libs\Core\Tests\Task\TaskTestHelpers</Filter>
    </ClInclude>
    <ClInclude Include="..\Libs\Core\Tests\Task\TaskTestHelpers\StubSplitter.h">
      <Filter>Libs\Core\Tests\Task\TaskTestHelpers</Filter>
    </ClInclude>
    <ClInclude Include="..\Libs\Core\Tests\Task\TaskTestHelpers\StubTaskSystem.h">
      <Filter>Libs\Core\Tests\Task\TaskTestHelpers</Filter>
    </ClInclude>
  </ItemGroup>
  <ItemGroup>
    <ClCompile Include="..\Libs\Core\Tests\FileSystem\FilePathTests.cpp">
      <Filter>Libs\Core\Tests\FileSystem</Filter>
    </ClCompile>
    <ClCompile Include="..\Libs\Core\Tests\Memory\MemoryMacroTests.cpp">
      <Filter>Libs\Core\Tests\Memory</Filter>
    </ClCompile>
    <ClCompile Include="..\Libs\Core\Tests\String\StringTests.cpp">
      <Filter>Libs\Core\Tests\String</Filter>
    </ClCompile>
    <ClCompile Include="..\Libs\Core\Tests\Task\ParallelForTests.cpp">
      <Filter>Libs\Core\Tests\Task</Filter>
    </ClCompile>
    <ClCompile Include="..\Libs\Core\Tests\Task\TaskManagerTests.cpp">
      <Filter>Libs\Core\Tests\Task</Filter>
    </ClCompile>
    <ClCompile Include="..\Libs\Core\Tests\Task\TaskQueueTests.cpp">
      <Filter>Libs\Core\Tests\Task</Filter>
    </ClCompile>
    <ClCompile Include="..\Libs\Core\Tests\Task\TaskThreadGateTests.cpp">
      <Filter>Libs\Core\Tests\Task</Filter>
    </ClCompile>
    <ClCompile Include="..\Libs\Test\Tests\BaseTests.cpp">
      <Filter>Libs\Test\Tests</Filter>
    </ClCompile>
    <ClCompile Include="..\TestProject\Source\Main.cpp">
      <Filter>TestProject\Source</Filter>
    </ClCompile>
  </ItemGroup>
</Project>